speakeasyVersion: 1.730.1
sources:
    swagger-json:
        sourceNamespace: swagger-json
        sourceRevisionDigest: sha256:ac48d1904d682a68bba12deca076d5802de7206c2efd1c4cac3c901c2bcd0f19
        sourceBlobDigest: sha256:4c1bd8d25d1525c77ae24e99932207289d6af4affa21853eb9c26454401f0a8c
        tags:
            - latest
            - "1.0"
targets:
    flexprice-go:
        source: swagger-json
        sourceNamespace: swagger-json
        sourceRevisionDigest: sha256:ac48d1904d682a68bba12deca076d5802de7206c2efd1c4cac3c901c2bcd0f19
        sourceBlobDigest: sha256:4c1bd8d25d1525c77ae24e99932207289d6af4affa21853eb9c26454401f0a8c
        codeSamplesNamespace: swagger-json-go-code-samples
        codeSamplesRevisionDigest: sha256:1c461a6ee438d3b92bf77b6839e47f13bdeb9ae62e91ea14487b9091496a22b2
    flexprice-mcp:
        source: swagger-json
        sourceNamespace: swagger-json
        sourceRevisionDigest: sha256:ac48d1904d682a68bba12deca076d5802de7206c2efd1c4cac3c901c2bcd0f19
        sourceBlobDigest: sha256:4c1bd8d25d1525c77ae24e99932207289d6af4affa21853eb9c26454401f0a8c
    flexprice-python:
        source: swagger-json
        sourceNamespace: swagger-json
        sourceRevisionDigest: sha256:ac48d1904d682a68bba12deca076d5802de7206c2efd1c4cac3c901c2bcd0f19
        sourceBlobDigest: sha256:4c1bd8d25d1525c77ae24e99932207289d6af4affa21853eb9c26454401f0a8c
        codeSamplesNamespace: swagger-json-python-code-samples
        codeSamplesRevisionDigest: sha256:917b1568ef44af48b1655643893a063fc8cefbcba69c8d32d6342a32c75fd60e
    flexprice-typescript:
        source: swagger-json
        sourceNamespace: swagger-json
        sourceRevisionDigest: sha256:ac48d1904d682a68bba12deca076d5802de7206c2efd1c4cac3c901c2bcd0f19
        sourceBlobDigest: sha256:4c1bd8d25d1525c77ae24e99932207289d6af4affa21853eb9c26454401f0a8c
        codeSamplesNamespace: swagger-json-typescript-code-samples
        codeSamplesRevisionDigest: sha256:74c8b7c4acfbcc56e6e536b1d24ec130dbd643994ce3a2b1d00ef39e1e5b668f
workflow:
    workflowVersion: 1.0.0
    speakeasyVersion: latest
    sources:
        swagger-json:
            inputs:
                - location: docs/swagger/swagger-3-0.json
            registry:
                location: registry.speakeasyapi.dev/flexprice/prod/swagger-json
    targets:
        flexprice-go:
            target: go
            source: swagger-json
            output: ./api/go
            codeSamples:
                registry:
                    location: registry.speakeasyapi.dev/flexprice/prod/swagger-json-go-code-samples
                labelOverride:
                    fixedValue: Go (SDK)
                blocking: false
        flexprice-mcp:
            target: mcp-typescript
            source: swagger-json
            output: ./api/mcp
            publish:
                npm:
                    token: $npm_token
        flexprice-python:
            target: python
            source: swagger-json
            output: ./api/python
            publish:
                pypi:
                    token: $pypi_token
            codeSamples:
                registry:
                    location: registry.speakeasyapi.dev/flexprice/prod/swagger-json-python-code-samples
                labelOverride:
                    fixedValue: Python (SDK)
                blocking: false
        flexprice-typescript:
            target: typescript
            source: swagger-json
            output: ./api/typescript
            publish:
                npm:
                    token: $npm_token
            codeSamples:
                registry:
                    location: registry.speakeasyapi.dev/flexprice/prod/swagger-json-typescript-code-samples
                labelOverride:
                    fixedValue: Typescript (SDK)
                blocking: false
