speakeasyVersion: 1.731.3
sources:
    swagger-json:
        sourceNamespace: swagger-json
        sourceRevisionDigest: sha256:ac48d1904d682a68bba12deca076d5802de7206c2efd1c4cac3c901c2bcd0f19
        sourceBlobDigest: sha256:4c1bd8d25d1525c77ae24e99932207289d6af4affa21853eb9c26454401f0a8c
        tags:
            - latest
            - "1.0"
targets:
    flexprice-go:
        source: swagger-json
        sourceNamespace: swagger-json
        sourceRevisionDigest: sha256:ac48d1904d682a68bba12deca076d5802de7206c2efd1c4cac3c901c2bcd0f19
        sourceBlobDigest: sha256:4c1bd8d25d1525c77ae24e99932207289d6af4affa21853eb9c26454401f0a8c
        codeSamplesNamespace: swagger-json-go-code-samples
        codeSamplesRevisionDigest: sha256:d54bfd7b08d07e9f6da7864ec46a5c20ad04f0e9187285e1d41b2e875c529476
    flexprice-mcp:
        source: swagger-json-mcp
    flexprice-python:
        source: swagger-json
        sourceNamespace: swagger-json
        sourceRevisionDigest: sha256:ac48d1904d682a68bba12deca076d5802de7206c2efd1c4cac3c901c2bcd0f19
        sourceBlobDigest: sha256:4c1bd8d25d1525c77ae24e99932207289d6af4affa21853eb9c26454401f0a8c
        codeSamplesNamespace: swagger-json-python-code-samples
        codeSamplesRevisionDigest: sha256:c710989ea74cfeff95f16458fab4685b4ba2c00b0e334b662d02b40cd8a83f66
    flexprice-typescript:
        source: swagger-json
        sourceNamespace: swagger-json
        sourceRevisionDigest: sha256:ac48d1904d682a68bba12deca076d5802de7206c2efd1c4cac3c901c2bcd0f19
        sourceBlobDigest: sha256:4c1bd8d25d1525c77ae24e99932207289d6af4affa21853eb9c26454401f0a8c
        codeSamplesNamespace: swagger-json-typescript-code-samples
        codeSamplesRevisionDigest: sha256:966d7835032713be61205ff11d5fea2a1e6c5985946331787f1a20f58d01f11c
workflow:
    workflowVersion: 1.0.0
    speakeasyVersion: latest
    sources:
        swagger-json:
            inputs:
                - location: docs/swagger/swagger-3-0.json
            registry:
                location: registry.speakeasyapi.dev/flexprice/prod/swagger-json
        swagger-json-mcp:
            inputs:
                - location: docs/swagger/swagger-3-0-mcp.json
    targets:
        flexprice-go:
            target: go
            source: swagger-json
            output: ./api/go
            codeSamples:
                registry:
                    location: registry.speakeasyapi.dev/flexprice/prod/swagger-json-go-code-samples
                labelOverride:
                    fixedValue: Go (SDK)
                blocking: false
        flexprice-mcp:
            target: mcp-typescript
            source: swagger-json-mcp
            output: ./api/mcp
            publish:
                npm:
                    token: $npm_token
        flexprice-python:
            target: python
            source: swagger-json
            output: ./api/python
            publish:
                pypi:
                    token: $pypi_token
            codeSamples:
                registry:
                    location: registry.speakeasyapi.dev/flexprice/prod/swagger-json-python-code-samples
                labelOverride:
                    fixedValue: Python (SDK)
                blocking: false
        flexprice-typescript:
            target: typescript
            source: swagger-json
            output: ./api/typescript
            publish:
                npm:
                    token: $npm_token
            codeSamples:
                registry:
                    location: registry.speakeasyapi.dev/flexprice/prod/swagger-json-typescript-code-samples
                labelOverride:
                    fixedValue: Typescript (SDK)
                blocking: false
